
Microsoft Visual Studio Solution File, Format Version 12.00
# Visual Studio 2012
Project("{FAE04EC0-301F-11D3-BF4B-00C04F79EFBC}") = "Ödev 4", "Ödev 4\Ödev 4.csproj", "{F60F2726-A628-4403-80CF-3E0A30BD8DF4}"
EndProject
Global
	GlobalSection(SolutionConfigurationPlatforms) = preSolution
		Debug|Any CPU = Debug|Any CPU
		Release|Any CPU = Release|Any CPU
	EndGlobalSection
	GlobalSection(ProjectConfigurationPlatforms) = postSolution
		{F60F2726-A628-4403-80CF-3E0A30BD8DF4}.Debug|Any CPU.ActiveCfg = Debug|Any CPU
		{F60F2726-A628-4403-80CF-3E0A30BD8DF4}.Debug|Any CPU.Build.0 = Debug|Any CPU
		{F60F2726-A628-4403-80CF-3E0A30BD8DF4}.Release|Any CPU.ActiveCfg = Release|Any CPU
		{F60F2726-A628-4403-80CF-3E0A30BD8DF4}.Release|Any CPU.Build.0 = Release|Any CPU
	EndGlobalSection
	GlobalSection(SolutionProperties) = preSolution
		HideSolutionNode = FALSE
	EndGlobalSection
EndGlobal
